// !$*UTF8*$!
{
	archiveVersion = 1;
	classes = {
	};
	objectVersion = 46;
	objects = {

/* Begin PBXBuildFile section */
		8C1ABFBA1C92E19400C81CE9 /* GameBoardAnalyzer.swift in Sources */ = {isa = PBXBuildFile; fileRef = 8C1ABFB91C92E19400C81CE9 /* GameBoardAnalyzer.swift */; };
		8C1ABFBB1C92E19400C81CE9 /* GameBoardAnalyzer.swift in Sources */ = {isa = PBXBuildFile; fileRef = 8C1ABFB91C92E19400C81CE9 /* GameBoardAnalyzer.swift */; };
		8C2C19441C7B389F00A4FA27 /* AppDelegate.swift in Sources */ = {isa = PBXBuildFile; fileRef = 8C2C19431C7B389F00A4FA27 /* AppDelegate.swift */; };
		8C2C19461C7B389F00A4FA27 /* ViewController.swift in Sources */ = {isa = PBXBuildFile; fileRef = 8C2C19451C7B389F00A4FA27 /* ViewController.swift */; };
		8C2C19491C7B389F00A4FA27 /* Main.storyboard in Resources */ = {isa = PBXBuildFile; fileRef = 8C2C19471C7B389F00A4FA27 /* Main.storyboard */; };
		8C2C194B1C7B389F00A4FA27 /* Assets.xcassets in Resources */ = {isa = PBXBuildFile; fileRef = 8C2C194A1C7B389F00A4FA27 /* Assets.xcassets */; };
		8C2C194E1C7B389F00A4FA27 /* LaunchScreen.storyboard in Resources */ = {isa = PBXBuildFile; fileRef = 8C2C194C1C7B389F00A4FA27 /* LaunchScreen.storyboard */; };
		8C2C19591C7B389F00A4FA27 /* HumanVersusHumanTests.swift in Sources */ = {isa = PBXBuildFile; fileRef = 8C2C19581C7B389F00A4FA27 /* HumanVersusHumanTests.swift */; };
		8C2C195E1C7B389F00A4FA27 /* TicTacToe WatchKit App.app in Embed Watch Content */ = {isa = PBXBuildFile; fileRef = 8C2C195D1C7B389F00A4FA27 /* TicTacToe WatchKit App.app */; };
		8C2C19661C7B389F00A4FA27 /* Assets.xcassets in Resources */ = {isa = PBXBuildFile; fileRef = 8C2C19651C7B389F00A4FA27 /* Assets.xcassets */; };
		8C2C196D1C7B389F00A4FA27 /* TicTacToe WatchKit Extension.appex in Embed App Extensions */ = {isa = PBXBuildFile; fileRef = 8C2C196C1C7B389F00A4FA27 /* TicTacToe WatchKit Extension.appex */; settings = {ATTRIBUTES = (RemoveHeadersOnCopy, ); }; };
		8C2C19721C7B389F00A4FA27 /* InterfaceController.swift in Sources */ = {isa = PBXBuildFile; fileRef = 8C2C19711C7B389F00A4FA27 /* InterfaceController.swift */; };
		8C2C19741C7B389F00A4FA27 /* ExtensionDelegate.swift in Sources */ = {isa = PBXBuildFile; fileRef = 8C2C19731C7B389F00A4FA27 /* ExtensionDelegate.swift */; };
		8C2C19761C7B389F00A4FA27 /* Assets.xcassets in Resources */ = {isa = PBXBuildFile; fileRef = 8C2C19751C7B389F00A4FA27 /* Assets.xcassets */; };
		8C2C19891C7B3D7400A4FA27 /* GameViewSpy.swift in Sources */ = {isa = PBXBuildFile; fileRef = 8C2C19881C7B3D7400A4FA27 /* GameViewSpy.swift */; };
		8C2C19911C7E2AA700A4FA27 /* HumanVersusHeuristicGameBotTests.swift in Sources */ = {isa = PBXBuildFile; fileRef = 8C2C19901C7E2AA700A4FA27 /* HumanVersusHeuristicGameBotTests.swift */; };
		8CB9841C1C84A83B005BA4F0 /* TicTacToeTestExtension.swift in Sources */ = {isa = PBXBuildFile; fileRef = 8CB9841B1C84A83B005BA4F0 /* TicTacToeTestExtension.swift */; };
		8CB9841E1C85ACB7005BA4F0 /* HeuristicGameBot.swift in Sources */ = {isa = PBXBuildFile; fileRef = 8CB9841D1C85ACB7005BA4F0 /* HeuristicGameBot.swift */; };
		8CE999011C918AD30003F170 /* TicTacToe.swift in Sources */ = {isa = PBXBuildFile; fileRef = 8C2C198C1C7B3E7200A4FA27 /* TicTacToe.swift */; };
		8CE999021C918AD30003F170 /* TicTacToeGameState.swift in Sources */ = {isa = PBXBuildFile; fileRef = 8CB9841F1C85F0AC005BA4F0 /* TicTacToeGameState.swift */; };
		8CE999031C918AD30003F170 /* TicTacToeBoard.swift in Sources */ = {isa = PBXBuildFile; fileRef = 8C2C198E1C7E085C00A4FA27 /* TicTacToeBoard.swift */; };
		8CE999041C918AEE0003F170 /* TicTacToe.swift in Sources */ = {isa = PBXBuildFile; fileRef = 8C2C198C1C7B3E7200A4FA27 /* TicTacToe.swift */; };
		8CE999051C918AEE0003F170 /* TicTacToeGameState.swift in Sources */ = {isa = PBXBuildFile; fileRef = 8CB9841F1C85F0AC005BA4F0 /* TicTacToeGameState.swift */; };
		8CE999061C918AEE0003F170 /* TicTacToeBoard.swift in Sources */ = {isa = PBXBuildFile; fileRef = 8C2C198E1C7E085C00A4FA27 /* TicTacToeBoard.swift */; };
		8CE999071C918AFA0003F170 /* HeuristicGameBot.swift in Sources */ = {isa = PBXBuildFile; fileRef = 8CB9841D1C85ACB7005BA4F0 /* HeuristicGameBot.swift */; };
		8CE999081C918AFA0003F170 /* MinimaxGameBot.swift in Sources */ = {isa = PBXBuildFile; fileRef = 8CFE59291C8ECF2900A38EAB /* MinimaxGameBot.swift */; };
		8CE9990B1C9191CD0003F170 /* Interface.storyboard in Resources */ = {isa = PBXBuildFile; fileRef = 8CE999091C9191CD0003F170 /* Interface.storyboard */; };
		8CE9990D1C9197250003F170 /* BoardInterfaceController.swift in Sources */ = {isa = PBXBuildFile; fileRef = 8CE9990C1C9197250003F170 /* BoardInterfaceController.swift */; };
		8CE9990F1C91EC2C0003F170 /* GameFactory.swift in Sources */ = {isa = PBXBuildFile; fileRef = 8CE9990E1C91EC2C0003F170 /* GameFactory.swift */; };
		8CE999101C91FE1F0003F170 /* GameFactory.swift in Sources */ = {isa = PBXBuildFile; fileRef = 8CE9990E1C91EC2C0003F170 /* GameFactory.swift */; };
		8CE999121C92BE820003F170 /* GameFactoryTests.swift in Sources */ = {isa = PBXBuildFile; fileRef = 8CE999111C92BE820003F170 /* GameFactoryTests.swift */; };
		8CF8517B1C902C200030AAA0 /* MinimaxGameBotVersusHumanTests.swift in Sources */ = {isa = PBXBuildFile; fileRef = 8CF8517A1C902C200030AAA0 /* MinimaxGameBotVersusHumanTests.swift */; };
		8CF851801C90A8F60030AAA0 /* HumanVersusMinimaxGameBotTests.swift in Sources */ = {isa = PBXBuildFile; fileRef = 8CF8517F1C90A8F60030AAA0 /* HumanVersusMinimaxGameBotTests.swift */; };
		8CFE59241C8DC14400A38EAB /* HeuristicGameBotVersusHumanTests.swift in Sources */ = {isa = PBXBuildFile; fileRef = 8CFE59231C8DC14400A38EAB /* HeuristicGameBotVersusHumanTests.swift */; };
		8CFE592A1C8ECF2900A38EAB /* MinimaxGameBot.swift in Sources */ = {isa = PBXBuildFile; fileRef = 8CFE59291C8ECF2900A38EAB /* MinimaxGameBot.swift */; };
/* End PBXBuildFile section */

/* Begin PBXContainerItemProxy section */
		8C2C19551C7B389F00A4FA27 /* PBXContainerItemProxy */ = {
			isa = PBXContainerItemProxy;
			containerPortal = 8C2C19381C7B389E00A4FA27 /* Project object */;
			proxyType = 1;
			remoteGlobalIDString = 8C2C193F1C7B389F00A4FA27;
			remoteInfo = TicTacToe;
		};
		8C2C195F1C7B389F00A4FA27 /* PBXContainerItemProxy */ = {
			isa = PBXContainerItemProxy;
			containerPortal = 8C2C19381C7B389E00A4FA27 /* Project object */;
			proxyType = 1;
			remoteGlobalIDString = 8C2C195C1C7B389F00A4FA27;
			remoteInfo = "TicTacToe WatchKit App";
		};
		8C2C196E1C7B389F00A4FA27 /* PBXContainerItemProxy */ = {
			isa = PBXContainerItemProxy;
			containerPortal = 8C2C19381C7B389E00A4FA27 /* Project object */;
			proxyType = 1;
			remoteGlobalIDString = 8C2C196B1C7B389F00A4FA27;
			remoteInfo = "TicTacToe WatchKit Extension";
		};
/* End PBXContainerItemProxy section */

/* Begin PBXCopyFilesBuildPhase section */
		8C2C197D1C7B389F00A4FA27 /* Embed App Extensions */ = {
			isa = PBXCopyFilesBuildPhase;
			buildActionMask = 2147483647;
			dstPath = "";
			dstSubfolderSpec = 13;
			files = (
				8C2C196D1C7B389F00A4FA27 /* TicTacToe WatchKit Extension.appex in Embed App Extensions */,
			);
			name = "Embed App Extensions";
			runOnlyForDeploymentPostprocessing = 0;
		};
		8C2C19811C7B389F00A4FA27 /* Embed Watch Content */ = {
			isa = PBXCopyFilesBuildPhase;
			buildActionMask = 2147483647;
			dstPath = "$(CONTENTS_FOLDER_PATH)/Watch";
			dstSubfolderSpec = 16;
			files = (
				8C2C195E1C7B389F00A4FA27 /* TicTacToe WatchKit App.app in Embed Watch Content */,
			);
			name = "Embed Watch Content";
			runOnlyForDeploymentPostprocessing = 0;
		};
/* End PBXCopyFilesBuildPhase section */

/* Begin PBXFileReference section */
		8C1ABFB91C92E19400C81CE9 /* GameBoardAnalyzer.swift */ = {isa = PBXFileReference; fileEncoding = 4; lastKnownFileType = sourcecode.swift; path = GameBoardAnalyzer.swift; sourceTree = "<group>"; };
		8C2C19401C7B389F00A4FA27 /* TicTacToe.app */ = {isa = PBXFileReference; explicitFileType = wrapper.application; includeInIndex = 0; path = TicTacToe.app; sourceTree = BUILT_PRODUCTS_DIR; };
		8C2C19431C7B389F00A4FA27 /* AppDelegate.swift */ = {isa = PBXFileReference; lastKnownFileType = sourcecode.swift; name = AppDelegate.swift; path = TicTacToe/AppDelegate.swift; sourceTree = "<group>"; };
		8C2C19451C7B389F00A4FA27 /* ViewController.swift */ = {isa = PBXFileReference; lastKnownFileType = sourcecode.swift; name = ViewController.swift; path = TicTacToe/ViewController.swift; sourceTree = "<group>"; };
		8C2C19481C7B389F00A4FA27 /* Base */ = {isa = PBXFileReference; lastKnownFileType = file.storyboard; name = Base; path = Base.lproj/Main.storyboard; sourceTree = "<group>"; };
		8C2C194A1C7B389F00A4FA27 /* Assets.xcassets */ = {isa = PBXFileReference; lastKnownFileType = folder.assetcatalog; name = Assets.xcassets; path = TicTacToe/Assets.xcassets; sourceTree = "<group>"; };
		8C2C194D1C7B389F00A4FA27 /* Base */ = {isa = PBXFileReference; lastKnownFileType = file.storyboard; name = Base; path = Base.lproj/LaunchScreen.storyboard; sourceTree = "<group>"; };
		8C2C194F1C7B389F00A4FA27 /* Info.plist */ = {isa = PBXFileReference; lastKnownFileType = text.plist.xml; name = Info.plist; path = TicTacToe/Info.plist; sourceTree = "<group>"; };
		8C2C19541C7B389F00A4FA27 /* TicTacToeTests.xctest */ = {isa = PBXFileReference; explicitFileType = wrapper.cfbundle; includeInIndex = 0; path = TicTacToeTests.xctest; sourceTree = BUILT_PRODUCTS_DIR; };
		8C2C19581C7B389F00A4FA27 /* HumanVersusHumanTests.swift */ = {isa = PBXFileReference; lastKnownFileType = sourcecode.swift; name = HumanVersusHumanTests.swift; path = TicTacToeTests/HumanVersusHumanTests.swift; sourceTree = SOURCE_ROOT; };
		8C2C195A1C7B389F00A4FA27 /* Info.plist */ = {isa = PBXFileReference; lastKnownFileType = text.plist.xml; path = Info.plist; sourceTree = "<group>"; };
		8C2C195D1C7B389F00A4FA27 /* TicTacToe WatchKit App.app */ = {isa = PBXFileReference; explicitFileType = wrapper.application; includeInIndex = 0; path = "TicTacToe WatchKit App.app"; sourceTree = BUILT_PRODUCTS_DIR; };
		8C2C19651C7B389F00A4FA27 /* Assets.xcassets */ = {isa = PBXFileReference; lastKnownFileType = folder.assetcatalog; path = Assets.xcassets; sourceTree = "<group>"; };
		8C2C19671C7B389F00A4FA27 /* Info.plist */ = {isa = PBXFileReference; lastKnownFileType = text.plist.xml; path = Info.plist; sourceTree = "<group>"; };
		8C2C196C1C7B389F00A4FA27 /* TicTacToe WatchKit Extension.appex */ = {isa = PBXFileReference; explicitFileType = "wrapper.app-extension"; includeInIndex = 0; path = "TicTacToe WatchKit Extension.appex"; sourceTree = BUILT_PRODUCTS_DIR; };
		8C2C19711C7B389F00A4FA27 /* InterfaceController.swift */ = {isa = PBXFileReference; lastKnownFileType = sourcecode.swift; path = InterfaceController.swift; sourceTree = "<group>"; };
		8C2C19731C7B389F00A4FA27 /* ExtensionDelegate.swift */ = {isa = PBXFileReference; lastKnownFileType = sourcecode.swift; path = ExtensionDelegate.swift; sourceTree = "<group>"; };
		8C2C19751C7B389F00A4FA27 /* Assets.xcassets */ = {isa = PBXFileReference; lastKnownFileType = folder.assetcatalog; path = Assets.xcassets; sourceTree = "<group>"; };
		8C2C19771C7B389F00A4FA27 /* Info.plist */ = {isa = PBXFileReference; lastKnownFileType = text.plist.xml; path = Info.plist; sourceTree = "<group>"; };
		8C2C19881C7B3D7400A4FA27 /* GameViewSpy.swift */ = {isa = PBXFileReference; fileEncoding = 4; lastKnownFileType = sourcecode.swift; path = GameViewSpy.swift; sourceTree = "<group>"; };
		8C2C198C1C7B3E7200A4FA27 /* TicTacToe.swift */ = {isa = PBXFileReference; fileEncoding = 4; lastKnownFileType = sourcecode.swift; path = TicTacToe.swift; sourceTree = "<group>"; };
		8C2C198E1C7E085C00A4FA27 /* TicTacToeBoard.swift */ = {isa = PBXFileReference; fileEncoding = 4; lastKnownFileType = sourcecode.swift; path = TicTacToeBoard.swift; sourceTree = "<group>"; };
		8C2C19901C7E2AA700A4FA27 /* HumanVersusHeuristicGameBotTests.swift */ = {isa = PBXFileReference; fileEncoding = 4; lastKnownFileType = sourcecode.swift; name = HumanVersusHeuristicGameBotTests.swift; path = TicTacToeTests/HumanVersusHeuristicGameBotTests.swift; sourceTree = SOURCE_ROOT; };
		8CB9841B1C84A83B005BA4F0 /* TicTacToeTestExtension.swift */ = {isa = PBXFileReference; fileEncoding = 4; lastKnownFileType = sourcecode.swift; name = TicTacToeTestExtension.swift; path = ../TicTacToe/TicTacToeTestExtension.swift; sourceTree = "<group>"; };
		8CB9841D1C85ACB7005BA4F0 /* HeuristicGameBot.swift */ = {isa = PBXFileReference; fileEncoding = 4; lastKnownFileType = sourcecode.swift; path = HeuristicGameBot.swift; sourceTree = "<group>"; };
		8CB9841F1C85F0AC005BA4F0 /* TicTacToeGameState.swift */ = {isa = PBXFileReference; fileEncoding = 4; lastKnownFileType = sourcecode.swift; path = TicTacToeGameState.swift; sourceTree = "<group>"; };
		8CE9990A1C9191CD0003F170 /* Base */ = {isa = PBXFileReference; lastKnownFileType = file.storyboard; name = Base; path = Base.lproj/Interface.storyboard; sourceTree = "<group>"; };
		8CE9990C1C9197250003F170 /* BoardInterfaceController.swift */ = {isa = PBXFileReference; fileEncoding = 4; lastKnownFileType = sourcecode.swift; path = BoardInterfaceController.swift; sourceTree = "<group>"; };
		8CE9990E1C91EC2C0003F170 /* GameFactory.swift */ = {isa = PBXFileReference; fileEncoding = 4; lastKnownFileType = sourcecode.swift; path = GameFactory.swift; sourceTree = "<group>"; };
		8CE999111C92BE820003F170 /* GameFactoryTests.swift */ = {isa = PBXFileReference; fileEncoding = 4; lastKnownFileType = sourcecode.swift; name = GameFactoryTests.swift; path = TicTacToeTests/GameFactoryTests.swift; sourceTree = SOURCE_ROOT; };
		8CF8517A1C902C200030AAA0 /* MinimaxGameBotVersusHumanTests.swift */ = {isa = PBXFileReference; fileEncoding = 4; lastKnownFileType = sourcecode.swift; name = MinimaxGameBotVersusHumanTests.swift; path = TicTacToeTests/MinimaxGameBotVersusHumanTests.swift; sourceTree = SOURCE_ROOT; };
		8CF8517F1C90A8F60030AAA0 /* HumanVersusMinimaxGameBotTests.swift */ = {isa = PBXFileReference; fileEncoding = 4; lastKnownFileType = sourcecode.swift; name = HumanVersusMinimaxGameBotTests.swift; path = TicTacToeTests/HumanVersusMinimaxGameBotTests.swift; sourceTree = SOURCE_ROOT; };
		8CFE59231C8DC14400A38EAB /* HeuristicGameBotVersusHumanTests.swift */ = {isa = PBXFileReference; fileEncoding = 4; lastKnownFileType = sourcecode.swift; name = HeuristicGameBotVersusHumanTests.swift; path = TicTacToeTests/HeuristicGameBotVersusHumanTests.swift; sourceTree = SOURCE_ROOT; };
		8CFE59291C8ECF2900A38EAB /* MinimaxGameBot.swift */ = {isa = PBXFileReference; fileEncoding = 4; lastKnownFileType = sourcecode.swift; path = MinimaxGameBot.swift; sourceTree = "<group>"; };
/* End PBXFileReference section */

/* Begin PBXFrameworksBuildPhase section */
		8C2C193D1C7B389F00A4FA27 /* Frameworks */ = {
			isa = PBXFrameworksBuildPhase;
			buildActionMask = 2147483647;
			files = (
			);
			runOnlyForDeploymentPostprocessing = 0;
		};
		8C2C19511C7B389F00A4FA27 /* Frameworks */ = {
			isa = PBXFrameworksBuildPhase;
			buildActionMask = 2147483647;
			files = (
			);
			runOnlyForDeploymentPostprocessing = 0;
		};
		8C2C19691C7B389F00A4FA27 /* Frameworks */ = {
			isa = PBXFrameworksBuildPhase;
			buildActionMask = 2147483647;
			files = (
			);
			runOnlyForDeploymentPostprocessing = 0;
		};
/* End PBXFrameworksBuildPhase section */

/* Begin PBXGroup section */
		8C1ABFBC1C9326AA00C81CE9 /* Game Factory */ = {
			isa = PBXGroup;
			children = (
				8CE9990E1C91EC2C0003F170 /* GameFactory.swift */,
				8CE999111C92BE820003F170 /* GameFactoryTests.swift */,
			);
			name = "Game Factory";
			sourceTree = "<group>";
		};
		8C1ABFBD1C9326C500C81CE9 /* Game Board */ = {
			isa = PBXGroup;
			children = (
				8C2C198E1C7E085C00A4FA27 /* TicTacToeBoard.swift */,
				8C1ABFB91C92E19400C81CE9 /* GameBoardAnalyzer.swift */,
			);
			name = "Game Board";
			sourceTree = "<group>";
		};
		8C1ABFBE1C93275900C81CE9 /* Heuristic Bot */ = {
			isa = PBXGroup;
			children = (
				8CB9841D1C85ACB7005BA4F0 /* HeuristicGameBot.swift */,
				8CFE59231C8DC14400A38EAB /* HeuristicGameBotVersusHumanTests.swift */,
				8C2C19901C7E2AA700A4FA27 /* HumanVersusHeuristicGameBotTests.swift */,
			);
			name = "Heuristic Bot";
			sourceTree = "<group>";
		};
		8C1ABFBF1C93276100C81CE9 /* Minimax Bot */ = {
			isa = PBXGroup;
			children = (
				8CFE59291C8ECF2900A38EAB /* MinimaxGameBot.swift */,
				8CF8517A1C902C200030AAA0 /* MinimaxGameBotVersusHumanTests.swift */,
				8CF8517F1C90A8F60030AAA0 /* HumanVersusMinimaxGameBotTests.swift */,
			);
			name = "Minimax Bot";
			sourceTree = "<group>";
		};
		8C2C19371C7B389E00A4FA27 = {
			isa = PBXGroup;
			children = (
				8C2C19421C7B389F00A4FA27 /* TicTacToe */,
				8C2C19571C7B389F00A4FA27 /* TicTacToeTests */,
				8C2C19611C7B389F00A4FA27 /* TicTacToe WatchKit App */,
				8C2C19701C7B389F00A4FA27 /* TicTacToe WatchKit Extension */,
				8C2C19411C7B389F00A4FA27 /* Products */,
			);
			sourceTree = "<group>";
		};
		8C2C19411C7B389F00A4FA27 /* Products */ = {
			isa = PBXGroup;
			children = (
				8C2C19401C7B389F00A4FA27 /* TicTacToe.app */,
				8C2C19541C7B389F00A4FA27 /* TicTacToeTests.xctest */,
				8C2C195D1C7B389F00A4FA27 /* TicTacToe WatchKit App.app */,
				8C2C196C1C7B389F00A4FA27 /* TicTacToe WatchKit Extension.appex */,
			);
			name = Products;
			sourceTree = "<group>";
		};
		8C2C19421C7B389F00A4FA27 /* TicTacToe */ = {
			isa = PBXGroup;
			children = (
				8C2C198B1C7B3E5F00A4FA27 /* Tic Tac Toe */,
				8CF8517C1C90A7A90030AAA0 /* App */,
			);
			path = TicTacToe;
			sourceTree = "<group>";
		};
		8C2C19571C7B389F00A4FA27 /* TicTacToeTests */ = {
			isa = PBXGroup;
			children = (
				8C2C195A1C7B389F00A4FA27 /* Info.plist */,
				8C2C198A1C7B3D8F00A4FA27 /* Tests Support */,
			);
			path = TicTacToeTests;
			sourceTree = "<group>";
		};
		8C2C19611C7B389F00A4FA27 /* TicTacToe WatchKit App */ = {
			isa = PBXGroup;
			children = (
				8CE999091C9191CD0003F170 /* Interface.storyboard */,
				8C2C19651C7B389F00A4FA27 /* Assets.xcassets */,
				8C2C19671C7B389F00A4FA27 /* Info.plist */,
			);
			path = "TicTacToe WatchKit App";
			sourceTree = "<group>";
		};
		8C2C19701C7B389F00A4FA27 /* TicTacToe WatchKit Extension */ = {
			isa = PBXGroup;
			children = (
				8C2C19711C7B389F00A4FA27 /* InterfaceController.swift */,
				8CE9990C1C9197250003F170 /* BoardInterfaceController.swift */,
				8C2C19731C7B389F00A4FA27 /* ExtensionDelegate.swift */,
				8C2C19751C7B389F00A4FA27 /* Assets.xcassets */,
				8C2C19771C7B389F00A4FA27 /* Info.plist */,
			);
			path = "TicTacToe WatchKit Extension";
			sourceTree = "<group>";
		};
		8C2C198A1C7B3D8F00A4FA27 /* Tests Support */ = {
			isa = PBXGroup;
			children = (
				8C2C19881C7B3D7400A4FA27 /* GameViewSpy.swift */,
				8CB9841B1C84A83B005BA4F0 /* TicTacToeTestExtension.swift */,
			);
			name = "Tests Support";
			sourceTree = "<group>";
		};
		8C2C198B1C7B3E5F00A4FA27 /* Tic Tac Toe */ = {
			isa = PBXGroup;
			children = (
				8CF8517D1C90A8250030AAA0 /* Game */,
				8C1ABFBC1C9326AA00C81CE9 /* Game Factory */,
				8C1ABFBD1C9326C500C81CE9 /* Game Board */,
				8CF8517E1C90A8340030AAA0 /* Game Bots */,
			);
			name = "Tic Tac Toe";
			sourceTree = "<group>";
		};
		8CF8517C1C90A7A90030AAA0 /* App */ = {
			isa = PBXGroup;
			children = (
				8C2C19431C7B389F00A4FA27 /* AppDelegate.swift */,
				8C2C19451C7B389F00A4FA27 /* ViewController.swift */,
				8C2C19471C7B389F00A4FA27 /* Main.storyboard */,
				8C2C194A1C7B389F00A4FA27 /* Assets.xcassets */,
				8C2C194C1C7B389F00A4FA27 /* LaunchScreen.storyboard */,
				8C2C194F1C7B389F00A4FA27 /* Info.plist */,
			);
			name = App;
			path = ..;
			sourceTree = "<group>";
		};
		8CF8517D1C90A8250030AAA0 /* Game */ = {
			isa = PBXGroup;
			children = (
				8C2C198C1C7B3E7200A4FA27 /* TicTacToe.swift */,
				8CB9841F1C85F0AC005BA4F0 /* TicTacToeGameState.swift */,
				8C2C19581C7B389F00A4FA27 /* HumanVersusHumanTests.swift */,
			);
			name = Game;
			sourceTree = "<group>";
		};
		8CF8517E1C90A8340030AAA0 /* Game Bots */ = {
			isa = PBXGroup;
			children = (
				8C1ABFBE1C93275900C81CE9 /* Heuristic Bot */,
				8C1ABFBF1C93276100C81CE9 /* Minimax Bot */,
			);
			name = "Game Bots";
			sourceTree = "<group>";
		};
/* End PBXGroup section */

/* Begin PBXNativeTarget section */
		8C2C193F1C7B389F00A4FA27 /* TicTacToe */ = {
			isa = PBXNativeTarget;
			buildConfigurationList = 8C2C19821C7B389F00A4FA27 /* Build configuration list for PBXNativeTarget "TicTacToe" */;
			buildPhases = (
				8C2C193C1C7B389F00A4FA27 /* Sources */,
				8C2C193D1C7B389F00A4FA27 /* Frameworks */,
				8C2C193E1C7B389F00A4FA27 /* Resources */,
				8C2C19811C7B389F00A4FA27 /* Embed Watch Content */,
			);
			buildRules = (
			);
			dependencies = (
				8C2C19601C7B389F00A4FA27 /* PBXTargetDependency */,
			);
			name = TicTacToe;
			productName = TicTacToe;
			productReference = 8C2C19401C7B389F00A4FA27 /* TicTacToe.app */;
			productType = "com.apple.product-type.application";
		};
		8C2C19531C7B389F00A4FA27 /* TicTacToeTests */ = {
			isa = PBXNativeTarget;
			buildConfigurationList = 8C2C19851C7B389F00A4FA27 /* Build configuration list for PBXNativeTarget "TicTacToeTests" */;
			buildPhases = (
				8C2C19501C7B389F00A4FA27 /* Sources */,
				8C2C19511C7B389F00A4FA27 /* Frameworks */,
				8C2C19521C7B389F00A4FA27 /* Resources */,
			);
			buildRules = (
			);
			dependencies = (
				8C2C19561C7B389F00A4FA27 /* PBXTargetDependency */,
			);
			name = TicTacToeTests;
			productName = TicTacToeTests;
			productReference = 8C2C19541C7B389F00A4FA27 /* TicTacToeTests.xctest */;
			productType = "com.apple.product-type.bundle.unit-test";
		};
		8C2C195C1C7B389F00A4FA27 /* TicTacToe WatchKit App */ = {
			isa = PBXNativeTarget;
			buildConfigurationList = 8C2C197E1C7B389F00A4FA27 /* Build configuration list for PBXNativeTarget "TicTacToe WatchKit App" */;
			buildPhases = (
				8C2C195B1C7B389F00A4FA27 /* Resources */,
				8C2C197D1C7B389F00A4FA27 /* Embed App Extensions */,
			);
			buildRules = (
			);
			dependencies = (
				8C2C196F1C7B389F00A4FA27 /* PBXTargetDependency */,
			);
			name = "TicTacToe WatchKit App";
			productName = "TicTacToe WatchKit App";
			productReference = 8C2C195D1C7B389F00A4FA27 /* TicTacToe WatchKit App.app */;
			productType = "com.apple.product-type.application.watchapp2";
		};
		8C2C196B1C7B389F00A4FA27 /* TicTacToe WatchKit Extension */ = {
			isa = PBXNativeTarget;
			buildConfigurationList = 8C2C197A1C7B389F00A4FA27 /* Build configuration list for PBXNativeTarget "TicTacToe WatchKit Extension" */;
			buildPhases = (
				8C2C19681C7B389F00A4FA27 /* Sources */,
				8C2C19691C7B389F00A4FA27 /* Frameworks */,
				8C2C196A1C7B389F00A4FA27 /* Resources */,
			);
			buildRules = (
			);
			dependencies = (
			);
			name = "TicTacToe WatchKit Extension";
			productName = "TicTacToe WatchKit Extension";
			productReference = 8C2C196C1C7B389F00A4FA27 /* TicTacToe WatchKit Extension.appex */;
			productType = "com.apple.product-type.watchkit2-extension";
		};
/* End PBXNativeTarget section */

/* Begin PBXProject section */
		8C2C19381C7B389E00A4FA27 /* Project object */ = {
			isa = PBXProject;
			attributes = {
				LastSwiftUpdateCheck = 0720;
				LastUpgradeCheck = 0720;
				ORGANIZATIONNAME = stringerstheory;
				TargetAttributes = {
					8C2C193F1C7B389F00A4FA27 = {
						CreatedOnToolsVersion = 7.2.1;
					};
					8C2C19531C7B389F00A4FA27 = {
						CreatedOnToolsVersion = 7.2.1;
						TestTargetID = 8C2C193F1C7B389F00A4FA27;
					};
					8C2C195C1C7B389F00A4FA27 = {
						CreatedOnToolsVersion = 7.2.1;
					};
					8C2C196B1C7B389F00A4FA27 = {
						CreatedOnToolsVersion = 7.2.1;
					};
				};
			};
			buildConfigurationList = 8C2C193B1C7B389E00A4FA27 /* Build configuration list for PBXProject "TicTacToe" */;
			compatibilityVersion = "Xcode 3.2";
			developmentRegion = English;
			hasScannedForEncodings = 0;
			knownRegions = (
				en,
				Base,
			);
			mainGroup = 8C2C19371C7B389E00A4FA27;
			productRefGroup = 8C2C19411C7B389F00A4FA27 /* Products */;
			projectDirPath = "";
			projectRoot = "";
			targets = (
				8C2C193F1C7B389F00A4FA27 /* TicTacToe */,
				8C2C19531C7B389F00A4FA27 /* TicTacToeTests */,
				8C2C195C1C7B389F00A4FA27 /* TicTacToe WatchKit App */,
				8C2C196B1C7B389F00A4FA27 /* TicTacToe WatchKit Extension */,
			);
		};
/* End PBXProject section */

/* Begin PBXResourcesBuildPhase section */
		8C2C193E1C7B389F00A4FA27 /* Resources */ = {
			isa = PBXResourcesBuildPhase;
			buildActionMask = 2147483647;
			files = (
				8C2C194E1C7B389F00A4FA27 /* LaunchScreen.storyboard in Resources */,
				8C2C194B1C7B389F00A4FA27 /* Assets.xcassets in Resources */,
				8C2C19491C7B389F00A4FA27 /* Main.storyboard in Resources */,
			);
			runOnlyForDeploymentPostprocessing = 0;
		};
		8C2C19521C7B389F00A4FA27 /* Resources */ = {
			isa = PBXResourcesBuildPhase;
			buildActionMask = 2147483647;
			files = (
			);
			runOnlyForDeploymentPostprocessing = 0;
		};
		8C2C195B1C7B389F00A4FA27 /* Resources */ = {
			isa = PBXResourcesBuildPhase;
			buildActionMask = 2147483647;
			files = (
				8CE9990B1C9191CD0003F170 /* Interface.storyboard in Resources */,
				8C2C19661C7B389F00A4FA27 /* Assets.xcassets in Resources */,
			);
			runOnlyForDeploymentPostprocessing = 0;
		};
		8C2C196A1C7B389F00A4FA27 /* Resources */ = {
			isa = PBXResourcesBuildPhase;
			buildActionMask = 2147483647;
			files = (
				8C2C19761C7B389F00A4FA27 /* Assets.xcassets in Resources */,
			);
			runOnlyForDeploymentPostprocessing = 0;
		};
/* End PBXResourcesBuildPhase section */

/* Begin PBXSourcesBuildPhase section */
		8C2C193C1C7B389F00A4FA27 /* Sources */ = {
			isa = PBXSourcesBuildPhase;
			buildActionMask = 2147483647;
			files = (
				8C2C19461C7B389F00A4FA27 /* ViewController.swift in Sources */,
				8CFE592A1C8ECF2900A38EAB /* MinimaxGameBot.swift in Sources */,
				8CE9990F1C91EC2C0003F170 /* GameFactory.swift in Sources */,
				8C2C19441C7B389F00A4FA27 /* AppDelegate.swift in Sources */,
				8CB9841E1C85ACB7005BA4F0 /* HeuristicGameBot.swift in Sources */,
				8CE999051C918AEE0003F170 /* TicTacToeGameState.swift in Sources */,
				8CE999061C918AEE0003F170 /* TicTacToeBoard.swift in Sources */,
				8C1ABFBA1C92E19400C81CE9 /* GameBoardAnalyzer.swift in Sources */,
				8CE999041C918AEE0003F170 /* TicTacToe.swift in Sources */,
			);
			runOnlyForDeploymentPostprocessing = 0;
		};
		8C2C19501C7B389F00A4FA27 /* Sources */ = {
			isa = PBXSourcesBuildPhase;
			buildActionMask = 2147483647;
			files = (
				8C2C19591C7B389F00A4FA27 /* HumanVersusHumanTests.swift in Sources */,
				8CE999121C92BE820003F170 /* GameFactoryTests.swift in Sources */,
				8C2C19911C7E2AA700A4FA27 /* HumanVersusHeuristicGameBotTests.swift in Sources */,
				8CB9841C1C84A83B005BA4F0 /* TicTacToeTestExtension.swift in Sources */,
				8CF8517B1C902C200030AAA0 /* MinimaxGameBotVersusHumanTests.swift in Sources */,
				8CFE59241C8DC14400A38EAB /* HeuristicGameBotVersusHumanTests.swift in Sources */,
				8CF851801C90A8F60030AAA0 /* HumanVersusMinimaxGameBotTests.swift in Sources */,
				8C2C19891C7B3D7400A4FA27 /* GameViewSpy.swift in Sources */,
			);
			runOnlyForDeploymentPostprocessing = 0;
		};
		8C2C19681C7B389F00A4FA27 /* Sources */ = {
			isa = PBXSourcesBuildPhase;
			buildActionMask = 2147483647;
			files = (
				8CE999101C91FE1F0003F170 /* GameFactory.swift in Sources */,
				8CE999021C918AD30003F170 /* TicTacToeGameState.swift in Sources */,
				8C1ABFBB1C92E19400C81CE9 /* GameBoardAnalyzer.swift in Sources */,
				8CE999031C918AD30003F170 /* TicTacToeBoard.swift in Sources */,
				8C2C19741C7B389F00A4FA27 /* ExtensionDelegate.swift in Sources */,
				8CE999071C918AFA0003F170 /* HeuristicGameBot.swift in Sources */,
				8CE999011C918AD30003F170 /* TicTacToe.swift in Sources */,
				8CE999081C918AFA0003F170 /* MinimaxGameBot.swift in Sources */,
				8CE9990D1C9197250003F170 /* BoardInterfaceController.swift in Sources */,
				8C2C19721C7B389F00A4FA27 /* InterfaceController.swift in Sources */,
			);
			runOnlyForDeploymentPostprocessing = 0;
		};
/* End PBXSourcesBuildPhase section */

/* Begin PBXTargetDependency section */
		8C2C19561C7B389F00A4FA27 /* PBXTargetDependency */ = {
			isa = PBXTargetDependency;
			target = 8C2C193F1C7B389F00A4FA27 /* TicTacToe */;
			targetProxy = 8C2C19551C7B389F00A4FA27 /* PBXContainerItemProxy */;
		};
		8C2C19601C7B389F00A4FA27 /* PBXTargetDependency */ = {
			isa = PBXTargetDependency;
			target = 8C2C195C1C7B389F00A4FA27 /* TicTacToe WatchKit App */;
			targetProxy = 8C2C195F1C7B389F00A4FA27 /* PBXContainerItemProxy */;
		};
		8C2C196F1C7B389F00A4FA27 /* PBXTargetDependency */ = {
			isa = PBXTargetDependency;
			target = 8C2C196B1C7B389F00A4FA27 /* TicTacToe WatchKit Extension */;
			targetProxy = 8C2C196E1C7B389F00A4FA27 /* PBXContainerItemProxy */;
		};
/* End PBXTargetDependency section */

/* Begin PBXVariantGroup section */
		8C2C19471C7B389F00A4FA27 /* Main.storyboard */ = {
			isa = PBXVariantGroup;
			children = (
				8C2C19481C7B389F00A4FA27 /* Base */,
			);
			name = Main.storyboard;
			path = TicTacToe;
			sourceTree = "<group>";
		};
		8C2C194C1C7B389F00A4FA27 /* LaunchScreen.storyboard */ = {
			isa = PBXVariantGroup;
			children = (
				8C2C194D1C7B389F00A4FA27 /* Base */,
			);
			name = LaunchScreen.storyboard;
			path = TicTacToe;
			sourceTree = "<group>";
		};
		8CE999091C9191CD0003F170 /* Interface.storyboard */ = {
			isa = PBXVariantGroup;
			children = (
				8CE9990A1C9191CD0003F170 /* Base */,
			);
			name = Interface.storyboard;
			sourceTree = "<group>";
		};
/* End PBXVariantGroup section */

/* Begin XCBuildConfiguration section */
		8C2C19781C7B389F00A4FA27 /* Debug */ = {
			isa = XCBuildConfiguration;
			buildSettings = {
				ALWAYS_SEARCH_USER_PATHS = NO;
				CLANG_CXX_LANGUAGE_STANDARD = "gnu++0x";
				CLANG_CXX_LIBRARY = "libc++";
				CLANG_ENABLE_MODULES = YES;
				CLANG_ENABLE_OBJC_ARC = YES;
				CLANG_WARN_BOOL_CONVERSION = YES;
				CLANG_WARN_CONSTANT_CONVERSION = YES;
				CLANG_WARN_DIRECT_OBJC_ISA_USAGE = YES_ERROR;
				CLANG_WARN_EMPTY_BODY = YES;
				CLANG_WARN_ENUM_CONVERSION = YES;
				CLANG_WARN_INT_CONVERSION = YES;
				CLANG_WARN_OBJC_ROOT_CLASS = YES_ERROR;
				CLANG_WARN_UNREACHABLE_CODE = YES;
				CLANG_WARN__DUPLICATE_METHOD_MATCH = YES;
				"CODE_SIGN_IDENTITY[sdk=iphoneos*]" = "iPhone Developer";
				COPY_PHASE_STRIP = NO;
				DEBUG_INFORMATION_FORMAT = dwarf;
				ENABLE_STRICT_OBJC_MSGSEND = YES;
				ENABLE_TESTABILITY = YES;
				GCC_C_LANGUAGE_STANDARD = gnu99;
				GCC_DYNAMIC_NO_PIC = NO;
				GCC_NO_COMMON_BLOCKS = YES;
				GCC_OPTIMIZATION_LEVEL = 0;
				GCC_PREPROCESSOR_DEFINITIONS = (
					"DEBUG=1",
					"$(inherited)",
				);
				GCC_WARN_64_TO_32_BIT_CONVERSION = YES;
				GCC_WARN_ABOUT_RETURN_TYPE = YES_ERROR;
				GCC_WARN_UNDECLARED_SELECTOR = YES;
				GCC_WARN_UNINITIALIZED_AUTOS = YES_AGGRESSIVE;
				GCC_WARN_UNUSED_FUNCTION = YES;
				GCC_WARN_UNUSED_VARIABLE = YES;
				IPHONEOS_DEPLOYMENT_TARGET = 9.2;
				MTL_ENABLE_DEBUG_INFO = YES;
				ONLY_ACTIVE_ARCH = YES;
				SDKROOT = iphoneos;
				SWIFT_OPTIMIZATION_LEVEL = "-Onone";
			};
			name = Debug;
		};
		8C2C19791C7B389F00A4FA27 /* Release */ = {
			isa = XCBuildConfiguration;
			buildSettings = {
				ALWAYS_SEARCH_USER_PATHS = NO;
				CLANG_CXX_LANGUAGE_STANDARD = "gnu++0x";
				CLANG_CXX_LIBRARY = "libc++";
				CLANG_ENABLE_MODULES = YES;
				CLANG_ENABLE_OBJC_ARC = YES;
				CLANG_WARN_BOOL_CONVERSION = YES;
				CLANG_WARN_CONSTANT_CONVERSION = YES;
				CLANG_WARN_DIRECT_OBJC_ISA_USAGE = YES_ERROR;
				CLANG_WARN_EMPTY_BODY = YES;
				CLANG_WARN_ENUM_CONVERSION = YES;
				CLANG_WARN_INT_CONVERSION = YES;
				CLANG_WARN_OBJC_ROOT_CLASS = YES_ERROR;
				CLANG_WARN_UNREACHABLE_CODE = YES;
				CLANG_WARN__DUPLICATE_METHOD_MATCH = YES;
				"CODE_SIGN_IDENTITY[sdk=iphoneos*]" = "iPhone Developer";
				COPY_PHASE_STRIP = NO;
				DEBUG_INFORMATION_FORMAT = "dwarf-with-dsym";
				ENABLE_NS_ASSERTIONS = NO;
				ENABLE_STRICT_OBJC_MSGSEND = YES;
				GCC_C_LANGUAGE_STANDARD = gnu99;
				GCC_NO_COMMON_BLOCKS = YES;
				GCC_WARN_64_TO_32_BIT_CONVERSION = YES;
				GCC_WARN_ABOUT_RETURN_TYPE = YES_ERROR;
				GCC_WARN_UNDECLARED_SELECTOR = YES;
				GCC_WARN_UNINITIALIZED_AUTOS = YES_AGGRESSIVE;
				GCC_WARN_UNUSED_FUNCTION = YES;
				GCC_WARN_UNUSED_VARIABLE = YES;
				IPHONEOS_DEPLOYMENT_TARGET = 9.2;
				MTL_ENABLE_DEBUG_INFO = NO;
				SDKROOT = iphoneos;
				VALIDATE_PRODUCT = YES;
			};
			name = Release;
		};
		8C2C197B1C7B389F00A4FA27 /* Debug */ = {
			isa = XCBuildConfiguration;
			buildSettings = {
				INFOPLIST_FILE = "TicTacToe WatchKit Extension/Info.plist";
				LD_RUNPATH_SEARCH_PATHS = "$(inherited) @executable_path/Frameworks @executable_path/../../Frameworks";
				PRODUCT_BUNDLE_IDENTIFIER = net.stringerstheory.TicTacToe.watchkitapp.watchkitextension;
				PRODUCT_NAME = "${TARGET_NAME}";
				SDKROOT = watchos;
				SKIP_INSTALL = YES;
				TARGETED_DEVICE_FAMILY = 4;
				WATCHOS_DEPLOYMENT_TARGET = 2.1;
			};
			name = Debug;
		};
		8C2C197C1C7B389F00A4FA27 /* Release */ = {
			isa = XCBuildConfiguration;
			buildSettings = {
				INFOPLIST_FILE = "TicTacToe WatchKit Extension/Info.plist";
				LD_RUNPATH_SEARCH_PATHS = "$(inherited) @executable_path/Frameworks @executable_path/../../Frameworks";
				PRODUCT_BUNDLE_IDENTIFIER = net.stringerstheory.TicTacToe.watchkitapp.watchkitextension;
				PRODUCT_NAME = "${TARGET_NAME}";
				SDKROOT = watchos;
				SKIP_INSTALL = YES;
				TARGETED_DEVICE_FAMILY = 4;
				WATCHOS_DEPLOYMENT_TARGET = 2.1;
			};
			name = Release;
		};
		8C2C197F1C7B389F00A4FA27 /* Debug */ = {
			isa = XCBuildConfiguration;
			buildSettings = {
				ASSETCATALOG_COMPILER_APPICON_NAME = AppIcon;
				CLANG_ENABLE_MODULES = YES;
				EMBEDDED_CONTENT_CONTAINS_SWIFT = YES;
				IBSC_MODULE = TicTacToe_WatchKit_Extension;
				INFOPLIST_FILE = "TicTacToe WatchKit App/Info.plist";
				LD_RUNPATH_SEARCH_PATHS = "$(inherited) @executable_path/../Frameworks @loader_path/../Frameworks";
				PRODUCT_BUNDLE_IDENTIFIER = net.stringerstheory.TicTacToe.watchkitapp;
				PRODUCT_NAME = "$(TARGET_NAME)";
				SDKROOT = watchos;
				SKIP_INSTALL = YES;
				SWIFT_OPTIMIZATION_LEVEL = "-Onone";
				TARGETED_DEVICE_FAMILY = 4;
				WATCHOS_DEPLOYMENT_TARGET = 2.1;
			};
			name = Debug;
		};
		8C2C19801C7B389F00A4FA27 /* Release */ = {
			isa = XCBuildConfiguration;
			buildSettings = {
				ASSETCATALOG_COMPILER_APPICON_NAME = AppIcon;
				CLANG_ENABLE_MODULES = YES;
				EMBEDDED_CONTENT_CONTAINS_SWIFT = YES;
				IBSC_MODULE = TicTacToe_WatchKit_Extension;
				INFOPLIST_FILE = "TicTacToe WatchKit App/Info.plist";
				LD_RUNPATH_SEARCH_PATHS = "$(inherited) @executable_path/../Frameworks @loader_path/../Frameworks";
				PRODUCT_BUNDLE_IDENTIFIER = net.stringerstheory.TicTacToe.watchkitapp;
				PRODUCT_NAME = "$(TARGET_NAME)";
				SDKROOT = watchos;
				SKIP_INSTALL = YES;
				TARGETED_DEVICE_FAMILY = 4;
				WATCHOS_DEPLOYMENT_TARGET = 2.1;
			};
			name = Release;
		};
		8C2C19831C7B389F00A4FA27 /* Debug */ = {
			isa = XCBuildConfiguration;
			buildSettings = {
				ASSETCATALOG_COMPILER_APPICON_NAME = AppIcon;
				INFOPLIST_FILE = TicTacToe/Info.plist;
				LD_RUNPATH_SEARCH_PATHS = "$(inherited) @executable_path/Frameworks";
				PRODUCT_BUNDLE_IDENTIFIER = net.stringerstheory.TicTacToe;
				PRODUCT_NAME = "$(TARGET_NAME)";
			};
			name = Debug;
		};
		8C2C19841C7B389F00A4FA27 /* Release */ = {
			isa = XCBuildConfiguration;
			buildSettings = {
				ASSETCATALOG_COMPILER_APPICON_NAME = AppIcon;
				INFOPLIST_FILE = TicTacToe/Info.plist;
				LD_RUNPATH_SEARCH_PATHS = "$(inherited) @executable_path/Frameworks";
				PRODUCT_BUNDLE_IDENTIFIER = net.stringerstheory.TicTacToe;
				PRODUCT_NAME = "$(TARGET_NAME)";
			};
			name = Release;
		};
		8C2C19861C7B389F00A4FA27 /* Debug */ = {
			isa = XCBuildConfiguration;
			buildSettings = {
				BUNDLE_LOADER = "$(TEST_HOST)";
				INFOPLIST_FILE = TicTacToeTests/Info.plist;
				LD_RUNPATH_SEARCH_PATHS = "$(inherited) @executable_path/Frameworks @loader_path/Frameworks";
				PRODUCT_BUNDLE_IDENTIFIER = net.stringerstheory.TicTacToeTests;
				PRODUCT_NAME = "$(TARGET_NAME)";
				TEST_HOST = "$(BUILT_PRODUCTS_DIR)/TicTacToe.app/TicTacToe";
			};
			name = Debug;
		};
		8C2C19871C7B389F00A4FA27 /* Release */ = {
			isa = XCBuildConfiguration;
			buildSettings = {
				BUNDLE_LOADER = "$(TEST_HOST)";
				INFOPLIST_FILE = TicTacToeTests/Info.plist;
				LD_RUNPATH_SEARCH_PATHS = "$(inherited) @executable_path/Frameworks @loader_path/Frameworks";
				PRODUCT_BUNDLE_IDENTIFIER = net.stringerstheory.TicTacToeTests;
				PRODUCT_NAME = "$(TARGET_NAME)";
				TEST_HOST = "$(BUILT_PRODUCTS_DIR)/TicTacToe.app/TicTacToe";
			};
			name = Release;
		};
/* End XCBuildConfiguration section */

/* Begin XCConfigurationList section */
		8C2C193B1C7B389E00A4FA27 /* Build configuration list for PBXProject "TicTacToe" */ = {
			isa = XCConfigurationList;
			buildConfigurations = (
				8C2C19781C7B389F00A4FA27 /* Debug */,
				8C2C19791C7B389F00A4FA27 /* Release */,
			);
			defaultConfigurationIsVisible = 0;
			defaultConfigurationName = Release;
		};
		8C2C197A1C7B389F00A4FA27 /* Build configuration list for PBXNativeTarget "TicTacToe WatchKit Extension" */ = {
			isa = XCConfigurationList;
			buildConfigurations = (
				8C2C197B1C7B389F00A4FA27 /* Debug */,
				8C2C197C1C7B389F00A4FA27 /* Release */,
			);
			defaultConfigurationIsVisible = 0;
			defaultConfigurationName = Release;
		};
		8C2C197E1C7B389F00A4FA27 /* Build configuration list for PBXNativeTarget "TicTacToe WatchKit App" */ = {
			isa = XCConfigurationList;
			buildConfigurations = (
				8C2C197F1C7B389F00A4FA27 /* Debug */,
				8C2C19801C7B389F00A4FA27 /* Release */,
			);
			defaultConfigurationIsVisible = 0;
			defaultConfigurationName = Release;
		};
		8C2C19821C7B389F00A4FA27 /* Build configuration list for PBXNativeTarget "TicTacToe" */ = {
			isa = XCConfigurationList;
			buildConfigurations = (
				8C2C19831C7B389F00A4FA27 /* Debug */,
				8C2C19841C7B389F00A4FA27 /* Release */,
			);
			defaultConfigurationIsVisible = 0;
			defaultConfigurationName = Release;
		};
		8C2C19851C7B389F00A4FA27 /* Build configuration list for PBXNativeTarget "TicTacToeTests" */ = {
			isa = XCConfigurationList;
			buildConfigurations = (
				8C2C19861C7B389F00A4FA27 /* Debug */,
				8C2C19871C7B389F00A4FA27 /* Release */,
			);
			defaultConfigurationIsVisible = 0;
			defaultConfigurationName = Release;
		};
/* End XCConfigurationList section */
	};
	rootObject = 8C2C19381C7B389E00A4FA27 /* Project object */;
}
